{
  "name": "com.kuryeotomasyon.www",
  "version": "0.0.2",
  "lockfileVersion": 1,
  "requires": true,
  "dependencies": {
    "babel-plugin-add-header-comment": {
      "version": "1.0.3",
      "resolved": "https://registry.npmjs.org/babel-plugin-add-header-comment/-/babel-plugin-add-header-comment-1.0.3.tgz",
      "integrity": "sha1-URxJAQYmQNWkgLSsPt1pRBlYUOw="
    },
    "cordova-android": {
      "version": "7.1.4",
      "resolved": "https://registry.npmjs.org/cordova-android/-/cordova-android-7.1.4.tgz",
      "integrity": "sha512-Rtvu002I83uzfVyCsE6p2krFKVHt9TSAqZUATes+zH+o9cdxYGrLHY+PKCQo4SLCdSMdrkIHCDnQPTYTp/d7+g==",
      "requires": {
        "abbrev": "*",
        "android-versions": "1.4.0",
        "ansi": "*",
        "balanced-match": "*",
        "base64-js": "1.2.0",
        "big-integer": "1.6.32",
        "bplist-parser": "*",
        "brace-expansion": "*",
        "concat-map": "*",
        "cordova-common": "2.2.5",
        "cordova-registry-mapper": "*",
        "elementtree": "0.1.6",
        "glob": "5.0.15",
        "inflight": "*",
        "inherits": "*",
        "minimatch": "*",
        "nopt": "3.0.1",
        "once": "*",
        "path-is-absolute": "1.0.1",
        "plist": "2.1.0",
        "properties-parser": "0.2.3",
        "q": "1.4.1",
        "sax": "0.3.5",
        "semver": "5.5.0",
        "shelljs": "0.5.3",
        "underscore": "*",
        "unorm": "*",
        "wrappy": "*",
        "xmlbuilder": "8.2.2",
        "xmldom": "*"
      },
      "dependencies": {
        "abbrev": {
          "version": "1.1.1",
          "bundled": true
        },
        "android-versions": {
          "version": "1.4.0",
          "bundled": true,
          "requires": {
            "semver": "^5.4.1"
          }
        },
        "ansi": {
          "version": "0.3.1",
          "bundled": true
        },
        "balanced-match": {
          "version": "1.0.0",
          "bundled": true
        },
        "base64-js": {
          "version": "1.2.0",
          "bundled": true
        },
        "big-integer": {
          "version": "1.6.32",
          "bundled": true
        },
        "bplist-parser": {
          "version": "0.1.1",
          "bundled": true,
          "requires": {
            "big-integer": "^1.6.7"
          }
        },
        "brace-expansion": {
          "version": "1.1.11",
          "bundled": true,
          "requires": {
            "balanced-match": "^1.0.0",
            "concat-map": "0.0.1"
          }
        },
        "concat-map": {
          "version": "0.0.1",
          "bundled": true
        },
        "cordova-common": {
          "version": "2.2.5",
          "bundled": true,
          "requires": {
            "ansi": "^0.3.1",
            "bplist-parser": "^0.1.0",
            "cordova-registry-mapper": "^1.1.8",
            "elementtree": "0.1.6",
            "glob": "^5.0.13",
            "minimatch": "^3.0.0",
            "plist": "^2.1.0",
            "q": "^1.4.1",
            "shelljs": "^0.5.3",
            "underscore": "^1.8.3",
            "unorm": "^1.3.3"
          }
        },
        "cordova-registry-mapper": {
          "version": "1.1.15",
          "bundled": true
        },
        "elementtree": {
          "version": "0.1.6",
          "bundled": true,
          "requires": {
            "sax": "0.3.5"
          }
        },
        "glob": {
          "version": "5.0.15",
          "bundled": true,
          "requires": {
            "inflight": "^1.0.4",
            "inherits": "2",
            "minimatch": "2 || 3",
            "once": "^1.3.0",
            "path-is-absolute": "^1.0.0"
          }
        },
        "inflight": {
          "version": "1.0.6",
          "bundled": true,
          "requires": {
            "once": "^1.3.0",
            "wrappy": "1"
          }
        },
        "inherits": {
          "version": "2.0.3",
          "bundled": true
        },
        "minimatch": {
          "version": "3.0.4",
          "bundled": true,
          "requires": {
            "brace-expansion": "^1.1.7"
          }
        },
        "nopt": {
          "version": "3.0.1",
          "bundled": true,
          "requires": {
            "abbrev": "1"
          }
        },
        "once": {
          "version": "1.4.0",
          "bundled": true,
          "requires": {
            "wrappy": "1"
          }
        },
        "path-is-absolute": {
          "version": "1.0.1",
          "bundled": true
        },
        "plist": {
          "version": "2.1.0",
          "bundled": true,
          "requires": {
            "base64-js": "1.2.0",
            "xmlbuilder": "8.2.2",
            "xmldom": "0.1.x"
          }
        },
        "properties-parser": {
          "version": "0.2.3",
          "bundled": true
        },
        "q": {
          "version": "1.4.1",
          "bundled": true
        },
        "sax": {
          "version": "0.3.5",
          "bundled": true
        },
        "semver": {
          "version": "5.5.0",
          "bundled": true
        },
        "shelljs": {
          "version": "0.5.3",
          "bundled": true
        },
        "underscore": {
          "version": "1.9.1",
          "bundled": true
        },
        "unorm": {
          "version": "1.4.1",
          "bundled": true
        },
        "wrappy": {
          "version": "1.0.2",
          "bundled": true
        },
        "xmlbuilder": {
          "version": "8.2.2",
          "bundled": true
        },
        "xmldom": {
          "version": "0.1.27",
          "bundled": true
        }
      }
    },
    "cordova-android-support-gradle-release": {
      "version": "3.0.0",
      "resolved": "https://registry.npmjs.org/cordova-android-support-gradle-release/-/cordova-android-support-gradle-release-3.0.0.tgz",
      "integrity": "sha512-vyiqQ6N9Qb+4xRizWSpUX/LyJ1HaDN0piWc8xoS9Hx9YodIS3vyi1UpQyfLQmCixoeLVcRieKXjuSMXnUrv1dw==",
      "requires": {
        "q": "^1.4.1",
        "semver": "5.6.0"
      }
    },
    "cordova-plugin-battery-status": {
      "version": "1.2.5",
      "resolved": "https://registry.npmjs.org/cordova-plugin-battery-status/-/cordova-plugin-battery-status-1.2.5.tgz",
      "integrity": "sha1-bGSPmzz1qwNLlcXP/lhPVXbULKk=",
      "dev": true
    },
    "cordova-plugin-camera": {
      "version": "2.4.1",
      "resolved": "https://registry.npmjs.org/cordova-plugin-camera/-/cordova-plugin-camera-2.4.1.tgz",
      "integrity": "sha1-GV404S22TxxJ52T31OPyYao9lME=",
      "dev": true
    },
    "cordova-plugin-device": {
      "version": "1.1.7",
      "resolved": "https://registry.npmjs.org/cordova-plugin-device/-/cordova-plugin-device-1.1.7.tgz",
      "integrity": "sha1-/JQRG+aTJijGaGiTjd89yCyfv+Y=",
      "dev": true
    },
    "cordova-plugin-dialogs": {
      "version": "1.3.4",
      "resolved": "https://registry.npmjs.org/cordova-plugin-dialogs/-/cordova-plugin-dialogs-1.3.4.tgz",
      "integrity": "sha1-XMlm7nyZsvW1s934SQAmKLDacVc=",
      "dev": true
    },
    "cordova-plugin-firebase": {
      "version": "2.0.5",
      "resolved": "https://registry.npmjs.org/cordova-plugin-firebase/-/cordova-plugin-firebase-2.0.5.tgz",
      "integrity": "sha512-ArrP/FhqrTu+udu1DNFHIMVdwFl2+IskYPsKXHHougfZ0w9WBgQxubWYHy/ds6fabj/QQaANYPpR7mSVpL6hTg=="
    },
    "cordova-plugin-geolocation": {
      "version": "2.4.3",
      "resolved": "https://registry.npmjs.org/cordova-plugin-geolocation/-/cordova-plugin-geolocation-2.4.3.tgz",
      "integrity": "sha1-HdAAI9Hxos4zD4dn7Qj3tzj+cYQ=",
      "dev": true
    },
    "cordova-plugin-globalization": {
      "version": "1.0.9",
      "resolved": "https://registry.npmjs.org/cordova-plugin-globalization/-/cordova-plugin-globalization-1.0.9.tgz",
      "integrity": "sha1-RluZmP7qC4iIRNCc19oCv6Jst6M=",
      "dev": true
    },
    "cordova-plugin-inappbrowser": {
      "version": "1.7.2",
      "resolved": "https://registry.npmjs.org/cordova-plugin-inappbrowser/-/cordova-plugin-inappbrowser-1.7.2.tgz",
      "integrity": "sha1-ZHY0lb6H6y562xoI8CCblupc7uA=",
      "dev": true
    },
    "cordova-plugin-insomnia": {
      "version": "4.3.0",
      "resolved": "https://registry.npmjs.org/cordova-plugin-insomnia/-/cordova-plugin-insomnia-4.3.0.tgz",
      "integrity": "sha1-gyoz9tdj8LgCc733YbNbZ4xDuVc=",
      "dev": true
    },
    "cordova-plugin-locationservices": {
      "version": "2.1.0",
      "resolved": "https://registry.npmjs.org/cordova-plugin-locationservices/-/cordova-plugin-locationservices-2.1.0.tgz",
      "integrity": "sha1-1crPnaZtjGtCq7eU4f023KGP8ms=",
      "dev": true
    },
    "cordova-plugin-mauron85-background-geolocation": {
      "version": "3.0.1",
      "resolved": "https://registry.npmjs.org/cordova-plugin-mauron85-background-geolocation/-/cordova-plugin-mauron85-background-geolocation-3.0.1.tgz",
      "integrity": "sha512-TH5V9ktKimFw6zmp9HBonvDAqxMBqYXzo7ZD+DFXpc2yw8wh26XfkbximXy+KfE0xkzvPbGzshGtX/wKzWQHfQ==",
      "dev": true
    },
    "cordova-plugin-network-information": {
      "version": "1.3.4",
      "resolved": "https://registry.npmjs.org/cordova-plugin-network-information/-/cordova-plugin-network-information-1.3.4.tgz",
      "integrity": "sha1-KPQmzCZZF03GIqBxgPm6DYVfc4M=",
      "dev": true
    },
    "cordova-plugin-vibration": {
      "version": "2.1.6",
      "resolved": "https://registry.npmjs.org/cordova-plugin-vibration/-/cordova-plugin-vibration-2.1.6.tgz",
      "integrity": "sha1-5XKViSzxXkSwyZ+P60R3Q5XLSj4=",
      "dev": true
    },
    "cordova-plugin-whitelist": {
      "version": "1.3.3",
      "resolved": "https://registry.npmjs.org/cordova-plugin-whitelist/-/cordova-plugin-whitelist-1.3.3.tgz",
      "integrity": "sha1-tehezbv+Wu3tQKG/TuI3LmfZb7Q=",
      "dev": true
    },
    "cordova-plugin-x-toast": {
      "version": "2.7.2",
      "resolved": "https://registry.npmjs.org/cordova-plugin-x-toast/-/cordova-plugin-x-toast-2.7.2.tgz",
      "integrity": "sha512-nx4LaBkJyEk1MknkLC0/U904A42WX/1/OZUeUyXkKRtChShsoTdbWlvEqHKzPbELzf2bEMnXd1CI70WRv+a4hA==",
      "dev": true
    },
    "install": {
      "version": "0.8.9",
      "resolved": "https://registry.npmjs.org/install/-/install-0.8.9.tgz",
      "integrity": "sha1-n0tcDRhR74cunfheT3Fi1OXc2+0="
    },
    "org.apache.cordova.geolocation": {
      "version": "0.3.6",
      "resolved": "https://registry.npmjs.org/org.apache.cordova.geolocation/-/org.apache.cordova.geolocation-0.3.6.tgz",
      "integrity": "sha1-7jib5M+dbzuM5QAXta9+qJ+q1o0="
    },
    "phonegap-plugin-push": {
      "version": "2.2.3",
      "resolved": "https://registry.npmjs.org/phonegap-plugin-push/-/phonegap-plugin-push-2.2.3.tgz",
      "integrity": "sha512-5mjT0G1vfRhXVnZFLwjfzcFwYjVRMibgYDCfYvEujGsP8YwwrIIzcf+xBYAjQV/W2JCjzuNaYd7xJ0yVQaPeig==",
      "requires": {
        "babel-plugin-add-header-comment": "^1.0.3",
        "install": "^0.8.2"
      }
    },
    "q": {
      "version": "1.5.1",
      "resolved": "https://registry.npmjs.org/q/-/q-1.5.1.tgz",
      "integrity": "sha1-fjL3W0E4EpHQRhHxvxQQmsAGUdc="
    },
    "semver": {
      "version": "5.6.0",
      "resolved": "https://registry.npmjs.org/semver/-/semver-5.6.0.tgz",
      "integrity": "sha512-RS9R6R35NYgQn++fkDWaOmqGoj4Ek9gGs+DPxNUZKuwE183xjJroKvyo1IzVFeXvUrvmALy6FWD5xrdJT25gMg=="
    }
  }
}
